// !$*UTF8*$!
{
	archiveVersion = 1;
	classes = {
	};
	objectVersion = 50;
	objects = {

/* Begin PBXBuildFile section */
		0846765B25C3856D0073E229 /* CharactersTableView.xib in Resources */ = {isa = PBXBuildFile; fileRef = 0846765A25C3856D0073E229 /* CharactersTableView.xib */; };
		0846766025C3858C0073E229 /* CharacterTableViewCell.xib in Resources */ = {isa = PBXBuildFile; fileRef = 0846765F25C3858C0073E229 /* CharacterTableViewCell.xib */; };
		084DC7C225C2263000429400 /* AppDelegate.swift in Sources */ = {isa = PBXBuildFile; fileRef = 084DC7C125C2263000429400 /* AppDelegate.swift */; };
		084DC7C425C2263000429400 /* SceneDelegate.swift in Sources */ = {isa = PBXBuildFile; fileRef = 084DC7C325C2263000429400 /* SceneDelegate.swift */; };
		084DC7C625C2263000429400 /* MainViewController.swift in Sources */ = {isa = PBXBuildFile; fileRef = 084DC7C525C2263000429400 /* MainViewController.swift */; };
		084DC7CB25C2263100429400 /* Assets.xcassets in Resources */ = {isa = PBXBuildFile; fileRef = 084DC7CA25C2263100429400 /* Assets.xcassets */; };
		084DC7CE25C2263100429400 /* LaunchScreen.storyboard in Resources */ = {isa = PBXBuildFile; fileRef = 084DC7CC25C2263100429400 /* LaunchScreen.storyboard */; };
		084DC7D925C2263100429400 /* RickAndMortyTests.swift in Sources */ = {isa = PBXBuildFile; fileRef = 084DC7D825C2263100429400 /* RickAndMortyTests.swift */; };
		084DC7E425C2263100429400 /* RickAndMortyUITests.swift in Sources */ = {isa = PBXBuildFile; fileRef = 084DC7E325C2263100429400 /* RickAndMortyUITests.swift */; };
		084DC80025C228C200429400 /* CharactersTableView.swift in Sources */ = {isa = PBXBuildFile; fileRef = 084DC7FF25C228C200429400 /* CharactersTableView.swift */; };
		084DC80825C2291800429400 /* CharacterTableViewCell.swift in Sources */ = {isa = PBXBuildFile; fileRef = 084DC80725C2291800429400 /* CharacterTableViewCell.swift */; };
		084DC80F25C22D2E00429400 /* DetailViewController.swift in Sources */ = {isa = PBXBuildFile; fileRef = 084DC80E25C22D2E00429400 /* DetailViewController.swift */; };
		084DC81725C22D9D00429400 /* MainNavigationController.swift in Sources */ = {isa = PBXBuildFile; fileRef = 084DC81625C22D9D00429400 /* MainNavigationController.swift */; };
		084DC82025C22F0300429400 /* Networking.swift in Sources */ = {isa = PBXBuildFile; fileRef = 084DC81F25C22F0300429400 /* Networking.swift */; };
		084DC82925C22F4F00429400 /* RickAndMortyAPI.swift in Sources */ = {isa = PBXBuildFile; fileRef = 084DC82825C22F4F00429400 /* RickAndMortyAPI.swift */; };
		084DC83125C230E200429400 /* ResponseInfo.swift in Sources */ = {isa = PBXBuildFile; fileRef = 084DC83025C230E200429400 /* ResponseInfo.swift */; };
		084DC83625C2316600429400 /* Character.swift in Sources */ = {isa = PBXBuildFile; fileRef = 084DC83525C2316600429400 /* Character.swift */; };
		084DC83B25C2328200429400 /* ResponseCharacter.swift in Sources */ = {isa = PBXBuildFile; fileRef = 084DC83A25C2328200429400 /* ResponseCharacter.swift */; };
		086DC8C725C8C9260073208F /* CharactersTableViewDelegate.swift in Sources */ = {isa = PBXBuildFile; fileRef = 086DC8C625C8C9260073208F /* CharactersTableViewDelegate.swift */; };
		086DC8DE25C8E5FC0073208F /* DetailView.xib in Resources */ = {isa = PBXBuildFile; fileRef = 086DC8DD25C8E5FC0073208F /* DetailView.xib */; };
		086DC8E425C8E65D0073208F /* DetailView.swift in Sources */ = {isa = PBXBuildFile; fileRef = 086DC8E325C8E65D0073208F /* DetailView.swift */; };
		08A5008325C3935600E95520 /* CharactersTableViewDataSource.swift in Sources */ = {isa = PBXBuildFile; fileRef = 08A5008225C3935600E95520 /* CharactersTableViewDataSource.swift */; };
		08E3AEE725C63E0600A4D941 /* MainViewModel.swift in Sources */ = {isa = PBXBuildFile; fileRef = 08E3AEE625C63E0600A4D941 /* MainViewModel.swift */; };
		08E3AEF325C6407D00A4D941 /* Observable.swift in Sources */ = {isa = PBXBuildFile; fileRef = 08E3AEF225C6407D00A4D941 /* Observable.swift */; };
/* End PBXBuildFile section */

/* Begin PBXContainerItemProxy section */
		084DC7D525C2263100429400 /* PBXContainerItemProxy */ = {
			isa = PBXContainerItemProxy;
			containerPortal = 084DC7B625C2263000429400 /* Project object */;
			proxyType = 1;
			remoteGlobalIDString = 084DC7BD25C2263000429400;
			remoteInfo = RickAndMorty;
		};
		084DC7E025C2263100429400 /* PBXContainerItemProxy */ = {
			isa = PBXContainerItemProxy;
			containerPortal = 084DC7B625C2263000429400 /* Project object */;
			proxyType = 1;
			remoteGlobalIDString = 084DC7BD25C2263000429400;
			remoteInfo = RickAndMorty;
		};
/* End PBXContainerItemProxy section */

/* Begin PBXFileReference section */
		0846765A25C3856D0073E229 /* CharactersTableView.xib */ = {isa = PBXFileReference; lastKnownFileType = file.xib; path = CharactersTableView.xib; sourceTree = "<group>"; };
		0846765F25C3858C0073E229 /* CharacterTableViewCell.xib */ = {isa = PBXFileReference; lastKnownFileType = file.xib; path = CharacterTableViewCell.xib; sourceTree = "<group>"; };
		084DC7BE25C2263000429400 /* RickAndMorty.app */ = {isa = PBXFileReference; explicitFileType = wrapper.application; includeInIndex = 0; path = RickAndMorty.app; sourceTree = BUILT_PRODUCTS_DIR; };
		084DC7C125C2263000429400 /* AppDelegate.swift */ = {isa = PBXFileReference; lastKnownFileType = sourcecode.swift; path = AppDelegate.swift; sourceTree = "<group>"; };
		084DC7C325C2263000429400 /* SceneDelegate.swift */ = {isa = PBXFileReference; lastKnownFileType = sourcecode.swift; path = SceneDelegate.swift; sourceTree = "<group>"; };
		084DC7C525C2263000429400 /* MainViewController.swift */ = {isa = PBXFileReference; lastKnownFileType = sourcecode.swift; path = MainViewController.swift; sourceTree = "<group>"; };
		084DC7CA25C2263100429400 /* Assets.xcassets */ = {isa = PBXFileReference; lastKnownFileType = folder.assetcatalog; path = Assets.xcassets; sourceTree = "<group>"; };
		084DC7CD25C2263100429400 /* Base */ = {isa = PBXFileReference; lastKnownFileType = file.storyboard; name = Base; path = Base.lproj/LaunchScreen.storyboard; sourceTree = "<group>"; };
		084DC7CF25C2263100429400 /* Info.plist */ = {isa = PBXFileReference; lastKnownFileType = text.plist.xml; path = Info.plist; sourceTree = "<group>"; };
		084DC7D425C2263100429400 /* RickAndMortyTests.xctest */ = {isa = PBXFileReference; explicitFileType = wrapper.cfbundle; includeInIndex = 0; path = RickAndMortyTests.xctest; sourceTree = BUILT_PRODUCTS_DIR; };
		084DC7D825C2263100429400 /* RickAndMortyTests.swift */ = {isa = PBXFileReference; lastKnownFileType = sourcecode.swift; path = RickAndMortyTests.swift; sourceTree = "<group>"; };
		084DC7DA25C2263100429400 /* Info.plist */ = {isa = PBXFileReference; lastKnownFileType = text.plist.xml; path = Info.plist; sourceTree = "<group>"; };
		084DC7DF25C2263100429400 /* RickAndMortyUITests.xctest */ = {isa = PBXFileReference; explicitFileType = wrapper.cfbundle; includeInIndex = 0; path = RickAndMortyUITests.xctest; sourceTree = BUILT_PRODUCTS_DIR; };
		084DC7E325C2263100429400 /* RickAndMortyUITests.swift */ = {isa = PBXFileReference; lastKnownFileType = sourcecode.swift; path = RickAndMortyUITests.swift; sourceTree = "<group>"; };
		084DC7E525C2263100429400 /* Info.plist */ = {isa = PBXFileReference; lastKnownFileType = text.plist.xml; path = Info.plist; sourceTree = "<group>"; };
		084DC7FF25C228C200429400 /* CharactersTableView.swift */ = {isa = PBXFileReference; lastKnownFileType = sourcecode.swift; path = CharactersTableView.swift; sourceTree = "<group>"; };
		084DC80725C2291800429400 /* CharacterTableViewCell.swift */ = {isa = PBXFileReference; lastKnownFileType = sourcecode.swift; path = CharacterTableViewCell.swift; sourceTree = "<group>"; };
		084DC80E25C22D2E00429400 /* DetailViewController.swift */ = {isa = PBXFileReference; lastKnownFileType = sourcecode.swift; path = DetailViewController.swift; sourceTree = "<group>"; };
		084DC81625C22D9D00429400 /* MainNavigationController.swift */ = {isa = PBXFileReference; lastKnownFileType = sourcecode.swift; path = MainNavigationController.swift; sourceTree = "<group>"; };
		084DC81F25C22F0300429400 /* Networking.swift */ = {isa = PBXFileReference; lastKnownFileType = sourcecode.swift; path = Networking.swift; sourceTree = "<group>"; };
		084DC82825C22F4F00429400 /* RickAndMortyAPI.swift */ = {isa = PBXFileReference; lastKnownFileType = sourcecode.swift; path = RickAndMortyAPI.swift; sourceTree = "<group>"; };
		084DC83025C230E200429400 /* ResponseInfo.swift */ = {isa = PBXFileReference; lastKnownFileType = sourcecode.swift; path = ResponseInfo.swift; sourceTree = "<group>"; };
		084DC83525C2316600429400 /* Character.swift */ = {isa = PBXFileReference; lastKnownFileType = sourcecode.swift; path = Character.swift; sourceTree = "<group>"; };
		084DC83A25C2328200429400 /* ResponseCharacter.swift */ = {isa = PBXFileReference; lastKnownFileType = sourcecode.swift; path = ResponseCharacter.swift; sourceTree = "<group>"; };
		086DC8C625C8C9260073208F /* CharactersTableViewDelegate.swift */ = {isa = PBXFileReference; fileEncoding = 4; lastKnownFileType = sourcecode.swift; path = CharactersTableViewDelegate.swift; sourceTree = "<group>"; };
		086DC8DD25C8E5FC0073208F /* DetailView.xib */ = {isa = PBXFileReference; lastKnownFileType = file.xib; path = DetailView.xib; sourceTree = "<group>"; };
		086DC8E325C8E65D0073208F /* DetailView.swift */ = {isa = PBXFileReference; lastKnownFileType = sourcecode.swift; path = DetailView.swift; sourceTree = "<group>"; };
		08A5008225C3935600E95520 /* CharactersTableViewDataSource.swift */ = {isa = PBXFileReference; lastKnownFileType = sourcecode.swift; path = CharactersTableViewDataSource.swift; sourceTree = "<group>"; };
		08E3AEE625C63E0600A4D941 /* MainViewModel.swift */ = {isa = PBXFileReference; lastKnownFileType = sourcecode.swift; path = MainViewModel.swift; sourceTree = "<group>"; };
		08E3AEF225C6407D00A4D941 /* Observable.swift */ = {isa = PBXFileReference; lastKnownFileType = sourcecode.swift; path = Observable.swift; sourceTree = "<group>"; };
/* End PBXFileReference section */

/* Begin PBXFrameworksBuildPhase section */
		084DC7BB25C2263000429400 /* Frameworks */ = {
			isa = PBXFrameworksBuildPhase;
			buildActionMask = 2147483647;
			files = (
			);
			runOnlyForDeploymentPostprocessing = 0;
		};
		084DC7D125C2263100429400 /* Frameworks */ = {
			isa = PBXFrameworksBuildPhase;
			buildActionMask = 2147483647;
			files = (
			);
			runOnlyForDeploymentPostprocessing = 0;
		};
		084DC7DC25C2263100429400 /* Frameworks */ = {
			isa = PBXFrameworksBuildPhase;
			buildActionMask = 2147483647;
			files = (
			);
			runOnlyForDeploymentPostprocessing = 0;
		};
/* End PBXFrameworksBuildPhase section */

/* Begin PBXGroup section */
		0846765825C385330073E229 /* CharactersTableView */ = {
			isa = PBXGroup;
			children = (
				0846765A25C3856D0073E229 /* CharactersTableView.xib */,
				084DC7FF25C228C200429400 /* CharactersTableView.swift */,
				08A5008225C3935600E95520 /* CharactersTableViewDataSource.swift */,
				086DC8C625C8C9260073208F /* CharactersTableViewDelegate.swift */,
			);
			path = CharactersTableView;
			sourceTree = "<group>";
		};
		0846765925C385400073E229 /* CharacterTableViewCell */ = {
			isa = PBXGroup;
			children = (
				084DC80725C2291800429400 /* CharacterTableViewCell.swift */,
				0846765F25C3858C0073E229 /* CharacterTableViewCell.xib */,
			);
			path = CharacterTableViewCell;
			sourceTree = "<group>";
		};
		084DC7B525C2263000429400 = {
			isa = PBXGroup;
			children = (
				084DC7C025C2263000429400 /* RickAndMorty */,
				084DC7D725C2263100429400 /* RickAndMortyTests */,
				084DC7E225C2263100429400 /* RickAndMortyUITests */,
				084DC7BF25C2263000429400 /* Products */,
			);
			sourceTree = "<group>";
		};
		084DC7BF25C2263000429400 /* Products */ = {
			isa = PBXGroup;
			children = (
				084DC7BE25C2263000429400 /* RickAndMorty.app */,
				084DC7D425C2263100429400 /* RickAndMortyTests.xctest */,
				084DC7DF25C2263100429400 /* RickAndMortyUITests.xctest */,
			);
			name = Products;
			sourceTree = "<group>";
		};
		084DC7C025C2263000429400 /* RickAndMorty */ = {
			isa = PBXGroup;
			children = (
				08E3AEF125C6406A00A4D941 /* Utils */,
				084DC82725C22F1C00429400 /* API */,
				084DC81E25C22ED400429400 /* Networking */,
				084DC7FE25C2288900429400 /* Resources */,
				084DC7F925C2284E00429400 /* Model */,
				084DC7F825C2284600429400 /* View */,
				084DC7F725C2283F00429400 /* Controller */,
				084DC7C125C2263000429400 /* AppDelegate.swift */,
				084DC7C325C2263000429400 /* SceneDelegate.swift */,
				084DC7CF25C2263100429400 /* Info.plist */,
			);
			path = RickAndMorty;
			sourceTree = "<group>";
		};
		084DC7D725C2263100429400 /* RickAndMortyTests */ = {
			isa = PBXGroup;
			children = (
				084DC7D825C2263100429400 /* RickAndMortyTests.swift */,
				084DC7DA25C2263100429400 /* Info.plist */,
			);
			path = RickAndMortyTests;
			sourceTree = "<group>";
		};
		084DC7E225C2263100429400 /* RickAndMortyUITests */ = {
			isa = PBXGroup;
			children = (
				084DC7E325C2263100429400 /* RickAndMortyUITests.swift */,
				084DC7E525C2263100429400 /* Info.plist */,
			);
			path = RickAndMortyUITests;
			sourceTree = "<group>";
		};
		084DC7F725C2283F00429400 /* Controller */ = {
			isa = PBXGroup;
			children = (
				086DC8D425C8D1730073208F /* DetailView */,
				086DC8D325C8D1650073208F /* MainView */,
				084DC81625C22D9D00429400 /* MainNavigationController.swift */,
			);
			path = Controller;
			sourceTree = "<group>";
		};
		084DC7F825C2284600429400 /* View */ = {
			isa = PBXGroup;
			children = (
				086DC8E225C8E6450073208F /* DetailView */,
				0846765825C385330073E229 /* CharactersTableView */,
				0846765925C385400073E229 /* CharacterTableViewCell */,
			);
			path = View;
			sourceTree = "<group>";
		};
		084DC7F925C2284E00429400 /* Model */ = {
			isa = PBXGroup;
			children = (
				084DC83525C2316600429400 /* Character.swift */,
			);
			path = Model;
			sourceTree = "<group>";
		};
		084DC7FE25C2288900429400 /* Resources */ = {
			isa = PBXGroup;
			children = (
				084DC7CA25C2263100429400 /* Assets.xcassets */,
				084DC7CC25C2263100429400 /* LaunchScreen.storyboard */,
			);
			path = Resources;
			sourceTree = "<group>";
		};
		084DC81E25C22ED400429400 /* Networking */ = {
			isa = PBXGroup;
			children = (
				084DC81F25C22F0300429400 /* Networking.swift */,
			);
			path = Networking;
			sourceTree = "<group>";
		};
		084DC82725C22F1C00429400 /* API */ = {
			isa = PBXGroup;
			children = (
				084DC82825C22F4F00429400 /* RickAndMortyAPI.swift */,
				084DC83025C230E200429400 /* ResponseInfo.swift */,
				084DC83A25C2328200429400 /* ResponseCharacter.swift */,
			);
			path = API;
			sourceTree = "<group>";
		};
		086DC8D325C8D1650073208F /* MainView */ = {
			isa = PBXGroup;
			children = (
				084DC7C525C2263000429400 /* MainViewController.swift */,
				08E3AEE625C63E0600A4D941 /* MainViewModel.swift */,
			);
			path = MainView;
			sourceTree = "<group>";
		};
		086DC8D425C8D1730073208F /* DetailView */ = {
			isa = PBXGroup;
			children = (
				084DC80E25C22D2E00429400 /* DetailViewController.swift */,
			);
			path = DetailView;
			sourceTree = "<group>";
		};
		086DC8E225C8E6450073208F /* DetailView */ = {
			isa = PBXGroup;
			children = (
				086DC8DD25C8E5FC0073208F /* DetailView.xib */,
				086DC8E325C8E65D0073208F /* DetailView.swift */,
			);
			path = DetailView;
			sourceTree = "<group>";
		};
		08E3AEF125C6406A00A4D941 /* Utils */ = {
			isa = PBXGroup;
			children = (
				08E3AEF225C6407D00A4D941 /* Observable.swift */,
			);
			path = Utils;
			sourceTree = "<group>";
		};
/* End PBXGroup section */

/* Begin PBXNativeTarget section */
		084DC7BD25C2263000429400 /* RickAndMorty */ = {
			isa = PBXNativeTarget;
			buildConfigurationList = 084DC7E825C2263100429400 /* Build configuration list for PBXNativeTarget "RickAndMorty" */;
			buildPhases = (
				084DC7BA25C2263000429400 /* Sources */,
				084DC7BB25C2263000429400 /* Frameworks */,
				084DC7BC25C2263000429400 /* Resources */,
			);
			buildRules = (
			);
			dependencies = (
			);
			name = RickAndMorty;
			productName = RickAndMorty;
			productReference = 084DC7BE25C2263000429400 /* RickAndMorty.app */;
			productType = "com.apple.product-type.application";
		};
		084DC7D325C2263100429400 /* RickAndMortyTests */ = {
			isa = PBXNativeTarget;
			buildConfigurationList = 084DC7EB25C2263100429400 /* Build configuration list for PBXNativeTarget "RickAndMortyTests" */;
			buildPhases = (
				084DC7D025C2263100429400 /* Sources */,
				084DC7D125C2263100429400 /* Frameworks */,
				084DC7D225C2263100429400 /* Resources */,
			);
			buildRules = (
			);
			dependencies = (
				084DC7D625C2263100429400 /* PBXTargetDependency */,
			);
			name = RickAndMortyTests;
			productName = RickAndMortyTests;
			productReference = 084DC7D425C2263100429400 /* RickAndMortyTests.xctest */;
			productType = "com.apple.product-type.bundle.unit-test";
		};
		084DC7DE25C2263100429400 /* RickAndMortyUITests */ = {
			isa = PBXNativeTarget;
			buildConfigurationList = 084DC7EE25C2263100429400 /* Build configuration list for PBXNativeTarget "RickAndMortyUITests" */;
			buildPhases = (
				084DC7DB25C2263100429400 /* Sources */,
				084DC7DC25C2263100429400 /* Frameworks */,
				084DC7DD25C2263100429400 /* Resources */,
			);
			buildRules = (
			);
			dependencies = (
				084DC7E125C2263100429400 /* PBXTargetDependency */,
			);
			name = RickAndMortyUITests;
			productName = RickAndMortyUITests;
			productReference = 084DC7DF25C2263100429400 /* RickAndMortyUITests.xctest */;
			productType = "com.apple.product-type.bundle.ui-testing";
		};
/* End PBXNativeTarget section */

/* Begin PBXProject section */
		084DC7B625C2263000429400 /* Project object */ = {
			isa = PBXProject;
			attributes = {
				LastSwiftUpdateCheck = 1240;
				LastUpgradeCheck = 1240;
				TargetAttributes = {
					084DC7BD25C2263000429400 = {
						CreatedOnToolsVersion = 12.4;
					};
					084DC7D325C2263100429400 = {
						CreatedOnToolsVersion = 12.4;
						TestTargetID = 084DC7BD25C2263000429400;
					};
					084DC7DE25C2263100429400 = {
						CreatedOnToolsVersion = 12.4;
						TestTargetID = 084DC7BD25C2263000429400;
					};
				};
			};
			buildConfigurationList = 084DC7B925C2263000429400 /* Build configuration list for PBXProject "RickAndMorty" */;
			compatibilityVersion = "Xcode 9.3";
			developmentRegion = en;
			hasScannedForEncodings = 0;
			knownRegions = (
				en,
				Base,
			);
			mainGroup = 084DC7B525C2263000429400;
			productRefGroup = 084DC7BF25C2263000429400 /* Products */;
			projectDirPath = "";
			projectRoot = "";
			targets = (
				084DC7BD25C2263000429400 /* RickAndMorty */,
				084DC7D325C2263100429400 /* RickAndMortyTests */,
				084DC7DE25C2263100429400 /* RickAndMortyUITests */,
			);
		};
/* End PBXProject section */

/* Begin PBXResourcesBuildPhase section */
		084DC7BC25C2263000429400 /* Resources */ = {
			isa = PBXResourcesBuildPhase;
			buildActionMask = 2147483647;
			files = (
				084DC7CE25C2263100429400 /* LaunchScreen.storyboard in Resources */,
				0846766025C3858C0073E229 /* CharacterTableViewCell.xib in Resources */,
				086DC8DE25C8E5FC0073208F /* DetailView.xib in Resources */,
				084DC7CB25C2263100429400 /* Assets.xcassets in Resources */,
				0846765B25C3856D0073E229 /* CharactersTableView.xib in Resources */,
			);
			runOnlyForDeploymentPostprocessing = 0;
		};
		084DC7D225C2263100429400 /* Resources */ = {
			isa = PBXResourcesBuildPhase;
			buildActionMask = 2147483647;
			files = (
			);
			runOnlyForDeploymentPostprocessing = 0;
		};
		084DC7DD25C2263100429400 /* Resources */ = {
			isa = PBXResourcesBuildPhase;
			buildActionMask = 2147483647;
			files = (
			);
			runOnlyForDeploymentPostprocessing = 0;
		};
/* End PBXResourcesBuildPhase section */

/* Begin PBXSourcesBuildPhase section */
		084DC7BA25C2263000429400 /* Sources */ = {
			isa = PBXSourcesBuildPhase;
			buildActionMask = 2147483647;
			files = (
				084DC7C625C2263000429400 /* MainViewController.swift in Sources */,
				084DC80025C228C200429400 /* CharactersTableView.swift in Sources */,
				086DC8E425C8E65D0073208F /* DetailView.swift in Sources */,
				084DC83B25C2328200429400 /* ResponseCharacter.swift in Sources */,
				084DC83625C2316600429400 /* Character.swift in Sources */,
				084DC83125C230E200429400 /* ResponseInfo.swift in Sources */,
				08E3AEE725C63E0600A4D941 /* MainViewModel.swift in Sources */,
				084DC80825C2291800429400 /* CharacterTableViewCell.swift in Sources */,
				084DC82025C22F0300429400 /* Networking.swift in Sources */,
				084DC82925C22F4F00429400 /* RickAndMortyAPI.swift in Sources */,
				08E3AEF325C6407D00A4D941 /* Observable.swift in Sources */,
				084DC80F25C22D2E00429400 /* DetailViewController.swift in Sources */,
				084DC81725C22D9D00429400 /* MainNavigationController.swift in Sources */,
				08A5008325C3935600E95520 /* CharactersTableViewDataSource.swift in Sources */,
				084DC7C225C2263000429400 /* AppDelegate.swift in Sources */,
				086DC8C725C8C9260073208F /* CharactersTableViewDelegate.swift in Sources */,
				084DC7C425C2263000429400 /* SceneDelegate.swift in Sources */,
			);
			runOnlyForDeploymentPostprocessing = 0;
		};
		084DC7D025C2263100429400 /* Sources */ = {
			isa = PBXSourcesBuildPhase;
			buildActionMask = 2147483647;
			files = (
				084DC7D925C2263100429400 /* RickAndMortyTests.swift in Sources */,
			);
			runOnlyForDeploymentPostprocessing = 0;
		};
		084DC7DB25C2263100429400 /* Sources */ = {
			isa = PBXSourcesBuildPhase;
			buildActionMask = 2147483647;
			files = (
				084DC7E425C2263100429400 /* RickAndMortyUITests.swift in Sources */,
			);
			runOnlyForDeploymentPostprocessing = 0;
		};
/* End PBXSourcesBuildPhase section */

/* Begin PBXTargetDependency section */
		084DC7D625C2263100429400 /* PBXTargetDependency */ = {
			isa = PBXTargetDependency;
			target = 084DC7BD25C2263000429400 /* RickAndMorty */;
			targetProxy = 084DC7D525C2263100429400 /* PBXContainerItemProxy */;
		};
		084DC7E125C2263100429400 /* PBXTargetDependency */ = {
			isa = PBXTargetDependency;
			target = 084DC7BD25C2263000429400 /* RickAndMorty */;
			targetProxy = 084DC7E025C2263100429400 /* PBXContainerItemProxy */;
		};
/* End PBXTargetDependency section */

/* Begin PBXVariantGroup section */
		084DC7CC25C2263100429400 /* LaunchScreen.storyboard */ = {
			isa = PBXVariantGroup;
			children = (
				084DC7CD25C2263100429400 /* Base */,
			);
			name = LaunchScreen.storyboard;
			sourceTree = "<group>";
		};
/* End PBXVariantGroup section */

/* Begin XCBuildConfiguration section */
		084DC7E625C2263100429400 /* Debug */ = {
			isa = XCBuildConfiguration;
			buildSettings = {
				ALWAYS_SEARCH_USER_PATHS = NO;
				CLANG_ANALYZER_NONNULL = YES;
				CLANG_ANALYZER_NUMBER_OBJECT_CONVERSION = YES_AGGRESSIVE;
				CLANG_CXX_LANGUAGE_STANDARD = "gnu++14";
				CLANG_CXX_LIBRARY = "libc++";
				CLANG_ENABLE_MODULES = YES;
				CLANG_ENABLE_OBJC_ARC = YES;
				CLANG_ENABLE_OBJC_WEAK = YES;
				CLANG_WARN_BLOCK_CAPTURE_AUTORELEASING = YES;
				CLANG_WARN_BOOL_CONVERSION = YES;
				CLANG_WARN_COMMA = YES;
				CLANG_WARN_CONSTANT_CONVERSION = YES;
				CLANG_WARN_DEPRECATED_OBJC_IMPLEMENTATIONS = YES;
				CLANG_WARN_DIRECT_OBJC_ISA_USAGE = YES_ERROR;
				CLANG_WARN_DOCUMENTATION_COMMENTS = YES;
				CLANG_WARN_EMPTY_BODY = YES;
				CLANG_WARN_ENUM_CONVERSION = YES;
				CLANG_WARN_INFINITE_RECURSION = YES;
				CLANG_WARN_INT_CONVERSION = YES;
				CLANG_WARN_NON_LITERAL_NULL_CONVERSION = YES;
				CLANG_WARN_OBJC_IMPLICIT_RETAIN_SELF = YES;
				CLANG_WARN_OBJC_LITERAL_CONVERSION = YES;
				CLANG_WARN_OBJC_ROOT_CLASS = YES_ERROR;
				CLANG_WARN_QUOTED_INCLUDE_IN_FRAMEWORK_HEADER = YES;
				CLANG_WARN_RANGE_LOOP_ANALYSIS = YES;
				CLANG_WARN_STRICT_PROTOTYPES = YES;
				CLANG_WARN_SUSPICIOUS_MOVE = YES;
				CLANG_WARN_UNGUARDED_AVAILABILITY = YES_AGGRESSIVE;
				CLANG_WARN_UNREACHABLE_CODE = YES;
				CLANG_WARN__DUPLICATE_METHOD_MATCH = YES;
				COPY_PHASE_STRIP = NO;
				DEBUG_INFORMATION_FORMAT = dwarf;
				ENABLE_STRICT_OBJC_MSGSEND = YES;
				ENABLE_TESTABILITY = YES;
				GCC_C_LANGUAGE_STANDARD = gnu11;
				GCC_DYNAMIC_NO_PIC = NO;
				GCC_NO_COMMON_BLOCKS = YES;
				GCC_OPTIMIZATION_LEVEL = 0;
				GCC_PREPROCESSOR_DEFINITIONS = (
					"DEBUG=1",
					"$(inherited)",
				);
				GCC_WARN_64_TO_32_BIT_CONVERSION = YES;
				GCC_WARN_ABOUT_RETURN_TYPE = YES_ERROR;
				GCC_WARN_UNDECLARED_SELECTOR = YES;
				GCC_WARN_UNINITIALIZED_AUTOS = YES_AGGRESSIVE;
				GCC_WARN_UNUSED_FUNCTION = YES;
				GCC_WARN_UNUSED_VARIABLE = YES;
				IPHONEOS_DEPLOYMENT_TARGET = 14.4;
				MTL_ENABLE_DEBUG_INFO = INCLUDE_SOURCE;
				MTL_FAST_MATH = YES;
				ONLY_ACTIVE_ARCH = YES;
				SDKROOT = iphoneos;
				SWIFT_ACTIVE_COMPILATION_CONDITIONS = DEBUG;
				SWIFT_OPTIMIZATION_LEVEL = "-Onone";
			};
			name = Debug;
		};
		084DC7E725C2263100429400 /* Release */ = {
			isa = XCBuildConfiguration;
			buildSettings = {
				ALWAYS_SEARCH_USER_PATHS = NO;
				CLANG_ANALYZER_NONNULL = YES;
				CLANG_ANALYZER_NUMBER_OBJECT_CONVERSION = YES_AGGRESSIVE;
				CLANG_CXX_LANGUAGE_STANDARD = "gnu++14";
				CLANG_CXX_LIBRARY = "libc++";
				CLANG_ENABLE_MODULES = YES;
				CLANG_ENABLE_OBJC_ARC = YES;
				CLANG_ENABLE_OBJC_WEAK = YES;
				CLANG_WARN_BLOCK_CAPTURE_AUTORELEASING = YES;
				CLANG_WARN_BOOL_CONVERSION = YES;
				CLANG_WARN_COMMA = YES;
				CLANG_WARN_CONSTANT_CONVERSION = YES;
				CLANG_WARN_DEPRECATED_OBJC_IMPLEMENTATIONS = YES;
				CLANG_WARN_DIRECT_OBJC_ISA_USAGE = YES_ERROR;
				CLANG_WARN_DOCUMENTATION_COMMENTS = YES;
				CLANG_WARN_EMPTY_BODY = YES;
				CLANG_WARN_ENUM_CONVERSION = YES;
				CLANG_WARN_INFINITE_RECURSION = YES;
				CLANG_WARN_INT_CONVERSION = YES;
				CLANG_WARN_NON_LITERAL_NULL_CONVERSION = YES;
				CLANG_WARN_OBJC_IMPLICIT_RETAIN_SELF = YES;
				CLANG_WARN_OBJC_LITERAL_CONVERSION = YES;
				CLANG_WARN_OBJC_ROOT_CLASS = YES_ERROR;
				CLANG_WARN_QUOTED_INCLUDE_IN_FRAMEWORK_HEADER = YES;
				CLANG_WARN_RANGE_LOOP_ANALYSIS = YES;
				CLANG_WARN_STRICT_PROTOTYPES = YES;
				CLANG_WARN_SUSPICIOUS_MOVE = YES;
				CLANG_WARN_UNGUARDED_AVAILABILITY = YES_AGGRESSIVE;
				CLANG_WARN_UNREACHABLE_CODE = YES;
				CLANG_WARN__DUPLICATE_METHOD_MATCH = YES;
				COPY_PHASE_STRIP = NO;
				DEBUG_INFORMATION_FORMAT = "dwarf-with-dsym";
				ENABLE_NS_ASSERTIONS = NO;
				ENABLE_STRICT_OBJC_MSGSEND = YES;
				GCC_C_LANGUAGE_STANDARD = gnu11;
				GCC_NO_COMMON_BLOCKS = YES;
				GCC_WARN_64_TO_32_BIT_CONVERSION = YES;
				GCC_WARN_ABOUT_RETURN_TYPE = YES_ERROR;
				GCC_WARN_UNDECLARED_SELECTOR = YES;
				GCC_WARN_UNINITIALIZED_AUTOS = YES_AGGRESSIVE;
				GCC_WARN_UNUSED_FUNCTION = YES;
				GCC_WARN_UNUSED_VARIABLE = YES;
				IPHONEOS_DEPLOYMENT_TARGET = 14.4;
				MTL_ENABLE_DEBUG_INFO = NO;
				MTL_FAST_MATH = YES;
				SDKROOT = iphoneos;
				SWIFT_COMPILATION_MODE = wholemodule;
				SWIFT_OPTIMIZATION_LEVEL = "-O";
				VALIDATE_PRODUCT = YES;
			};
			name = Release;
		};
		084DC7E925C2263100429400 /* Debug */ = {
			isa = XCBuildConfiguration;
			buildSettings = {
				ASSETCATALOG_COMPILER_APPICON_NAME = AppIcon;
				ASSETCATALOG_COMPILER_GLOBAL_ACCENT_COLOR_NAME = AccentColor;
				CODE_SIGN_STYLE = Automatic;
				DEVELOPMENT_TEAM = CPX7FN2K89;
				INFOPLIST_FILE = RickAndMorty/Info.plist;
				LD_RUNPATH_SEARCH_PATHS = (
					"$(inherited)",
					"@executable_path/Frameworks",
				);
				PRODUCT_BUNDLE_IDENTIFIER = dev.erikflores.RickAndMorty;
				PRODUCT_NAME = "$(TARGET_NAME)";
				SWIFT_VERSION = 5.0;
				TARGETED_DEVICE_FAMILY = "1,2";
			};
			name = Debug;
		};
		084DC7EA25C2263100429400 /* Release */ = {
			isa = XCBuildConfiguration;
			buildSettings = {
				ASSETCATALOG_COMPILER_APPICON_NAME = AppIcon;
				ASSETCATALOG_COMPILER_GLOBAL_ACCENT_COLOR_NAME = AccentColor;
				CODE_SIGN_STYLE = Automatic;
				DEVELOPMENT_TEAM = CPX7FN2K89;
				INFOPLIST_FILE = RickAndMorty/Info.plist;
				LD_RUNPATH_SEARCH_PATHS = (
					"$(inherited)",
					"@executable_path/Frameworks",
				);
				PRODUCT_BUNDLE_IDENTIFIER = dev.erikflores.RickAndMorty;
				PRODUCT_NAME = "$(TARGET_NAME)";
				SWIFT_VERSION = 5.0;
				TARGETED_DEVICE_FAMILY = "1,2";
			};
			name = Release;
		};
		084DC7EC25C2263100429400 /* Debug */ = {
			isa = XCBuildConfiguration;
			buildSettings = {
				ALWAYS_EMBED_SWIFT_STANDARD_LIBRARIES = YES;
				BUNDLE_LOADER = "$(TEST_HOST)";
				CODE_SIGN_STYLE = Automatic;
				DEVELOPMENT_TEAM = CPX7FN2K89;
				INFOPLIST_FILE = RickAndMortyTests/Info.plist;
				IPHONEOS_DEPLOYMENT_TARGET = 14.4;
				LD_RUNPATH_SEARCH_PATHS = (
					"$(inherited)",
					"@executable_path/Frameworks",
					"@loader_path/Frameworks",
				);
				PRODUCT_BUNDLE_IDENTIFIER = dev.erikflores.RickAndMortyTests;
				PRODUCT_NAME = "$(TARGET_NAME)";
				SWIFT_VERSION = 5.0;
				TARGETED_DEVICE_FAMILY = "1,2";
				TEST_HOST = "$(BUILT_PRODUCTS_DIR)/RickAndMorty.app/RickAndMorty";
			};
			name = Debug;
		};
		084DC7ED25C2263100429400 /* Release */ = {
			isa = XCBuildConfiguration;
			buildSettings = {
				ALWAYS_EMBED_SWIFT_STANDARD_LIBRARIES = YES;
				BUNDLE_LOADER = "$(TEST_HOST)";
				CODE_SIGN_STYLE = Automatic;
				DEVELOPMENT_TEAM = CPX7FN2K89;
				INFOPLIST_FILE = RickAndMortyTests/Info.plist;
				IPHONEOS_DEPLOYMENT_TARGET = 14.4;
				LD_RUNPATH_SEARCH_PATHS = (
					"$(inherited)",
					"@executable_path/Frameworks",
					"@loader_path/Frameworks",
				);
				PRODUCT_BUNDLE_IDENTIFIER = dev.erikflores.RickAndMortyTests;
				PRODUCT_NAME = "$(TARGET_NAME)";
				SWIFT_VERSION = 5.0;
				TARGETED_DEVICE_FAMILY = "1,2";
				TEST_HOST = "$(BUILT_PRODUCTS_DIR)/RickAndMorty.app/RickAndMorty";
			};
			name = Release;
		};
		084DC7EF25C2263100429400 /* Debug */ = {
			isa = XCBuildConfiguration;
			buildSettings = {
				ALWAYS_EMBED_SWIFT_STANDARD_LIBRARIES = YES;
				CODE_SIGN_STYLE = Automatic;
				DEVELOPMENT_TEAM = CPX7FN2K89;
				INFOPLIST_FILE = RickAndMortyUITests/Info.plist;
				LD_RUNPATH_SEARCH_PATHS = (
					"$(inherited)",
					"@executable_path/Frameworks",
					"@loader_path/Frameworks",
				);
				PRODUCT_BUNDLE_IDENTIFIER = dev.erikflores.RickAndMortyUITests;
				PRODUCT_NAME = "$(TARGET_NAME)";
				SWIFT_VERSION = 5.0;
				TARGETED_DEVICE_FAMILY = "1,2";
				TEST_TARGET_NAME = RickAndMorty;
			};
			name = Debug;
		};
		084DC7F025C2263100429400 /* Release */ = {
			isa = XCBuildConfiguration;
			buildSettings = {
				ALWAYS_EMBED_SWIFT_STANDARD_LIBRARIES = YES;
				CODE_SIGN_STYLE = Automatic;
				DEVELOPMENT_TEAM = CPX7FN2K89;
				INFOPLIST_FILE = RickAndMortyUITests/Info.plist;
				LD_RUNPATH_SEARCH_PATHS = (
					"$(inherited)",
					"@executable_path/Frameworks",
					"@loader_path/Frameworks",
				);
				PRODUCT_BUNDLE_IDENTIFIER = dev.erikflores.RickAndMortyUITests;
				PRODUCT_NAME = "$(TARGET_NAME)";
				SWIFT_VERSION = 5.0;
				TARGETED_DEVICE_FAMILY = "1,2";
				TEST_TARGET_NAME = RickAndMorty;
			};
			name = Release;
		};
/* End XCBuildConfiguration section */

/* Begin XCConfigurationList section */
		084DC7B925C2263000429400 /* Build configuration list for PBXProject "RickAndMorty" */ = {
			isa = XCConfigurationList;
			buildConfigurations = (
				084DC7E625C2263100429400 /* Debug */,
				084DC7E725C2263100429400 /* Release */,
			);
			defaultConfigurationIsVisible = 0;
			defaultConfigurationName = Release;
		};
		084DC7E825C2263100429400 /* Build configuration list for PBXNativeTarget "RickAndMorty" */ = {
			isa = XCConfigurationList;
			buildConfigurations = (
				084DC7E925C2263100429400 /* Debug */,
				084DC7EA25C2263100429400 /* Release */,
			);
			defaultConfigurationIsVisible = 0;
			defaultConfigurationName = Release;
		};
		084DC7EB25C2263100429400 /* Build configuration list for PBXNativeTarget "RickAndMortyTests" */ = {
			isa = XCConfigurationList;
			buildConfigurations = (
				084DC7EC25C2263100429400 /* Debug */,
				084DC7ED25C2263100429400 /* Release */,
			);
			defaultConfigurationIsVisible = 0;
			defaultConfigurationName = Release;
		};
		084DC7EE25C2263100429400 /* Build configuration list for PBXNativeTarget "RickAndMortyUITests" */ = {
			isa = XCConfigurationList;
			buildConfigurations = (
				084DC7EF25C2263100429400 /* Debug */,
				084DC7F025C2263100429400 /* Release */,
			);
			defaultConfigurationIsVisible = 0;
			defaultConfigurationName = Release;
		};
/* End XCConfigurationList section */
	};
	rootObject = 084DC7B625C2263000429400 /* Project object */;
}
